
Microsoft Visual Studio Solution File, Format Version 12.00
# Visual Studio Version 17
VisualStudioVersion = 17.12.35506.116 d17.12
MinimumVisualStudioVersion = 10.0.40219.1
Project("{F2A71F9B-5D33-465A-A702-920D77279786}") = "CarmelNet", "CarmelNet.fsproj", "{A8882060-A282-40FA-8199-589969572315}"
EndProject
Project("{F2A71F9B-5D33-465A-A702-920D77279786}") = "CarmelUnitTests", "CarmelUnitTests\CarmelUnitTests.fsproj", "{13814560-57DD-4EAA-89EC-68B9C59EDDF4}"
EndProject
Global
	GlobalSection(SolutionConfigurationPlatforms) = preSolution
		Debug|Any CPU = Debug|Any CPU
		Release|Any CPU = Release|Any CPU
	EndGlobalSection
	GlobalSection(ProjectConfigurationPlatforms) = postSolution
		{A8882060-A282-40FA-8199-589969572315}.Debug|Any CPU.ActiveCfg = Debug|Any CPU
		{A8882060-A282-40FA-8199-589969572315}.Debug|Any CPU.Build.0 = Debug|Any CPU
		{A8882060-A282-40FA-8199-589969572315}.Release|Any CPU.ActiveCfg = Release|Any CPU
		{A8882060-A282-40FA-8199-589969572315}.Release|Any CPU.Build.0 = Release|Any CPU
		{13814560-57DD-4EAA-89EC-68B9C59EDDF4}.Debug|Any CPU.ActiveCfg = Debug|Any CPU
		{13814560-57DD-4EAA-89EC-68B9C59EDDF4}.Debug|Any CPU.Build.0 = Debug|Any CPU
		{13814560-57DD-4EAA-89EC-68B9C59EDDF4}.Release|Any CPU.ActiveCfg = Release|Any CPU
		{13814560-57DD-4EAA-89EC-68B9C59EDDF4}.Release|Any CPU.Build.0 = Release|Any CPU
	EndGlobalSection
	GlobalSection(SolutionProperties) = preSolution
		HideSolutionNode = FALSE
	EndGlobalSection
EndGlobal
